<?xml version="1.0" encoding="utf-8"?>
<Project ToolsVersion="4.0" xmlns="http://schemas.microsoft.com/developer/msbuild/2003">
  <ItemGroup>
    <Filter Include="Source Files">
      <UniqueIdentifier>{4FC737F1-C7A5-4376-A066-2A32D752A2FF}</UniqueIdentifier>
      <Extensions>cpp;c;cc;cxx;def;odl;idl;hpj;bat;asm;asmx</Extensions>
    </Filter>
    <Filter Include="Header Files">
      <UniqueIdentifier>{93995380-89BD-4b04-88EB-625FBE52EBFB}</UniqueIdentifier>
      <Extensions>h;hh;hpp;hxx;hm;inl;inc;ipp;xsd</Extensions>
    </Filter>
    <Filter Include="Resource Files">
      <UniqueIdentifier>{67DA6AB6-F800-4c08-8B7A-83BB121AAD01}</UniqueIdentifier>
      <Extensions>rc;ico;cur;bmp;dlg;rc2;rct;bin;rgs;gif;jpg;jpeg;jpe;resx;tiff;tif;png;wav;mfcribbon-ms</Extensions>
    </Filter>
  </ItemGroup>
  <ItemGroup>
    <ClCompile Include="Resources.cpp">
      <Filter>Source Files</Filter>
    </ClCompile>
    <ClCompile Include="ScoringFacilities.cpp">
      <Filter>Source Files</Filter>
    </ClCompile>
    <ClCompile Include="main.cpp">
      <Filter>Source Files</Filter>
    </ClCompile>
    <ClCompile Include="Player.cpp">
      <Filter>Source Files</Filter>
    </ClCompile>
    <ClCompile Include="pieces\AbstractToken.cpp">
      <Filter>Source Files</Filter>
    </ClCompile>
    <ClCompile Include="pieces\Building.cpp">
      <Filter>Source Files</Filter>
    </ClCompile>
    <ClCompile Include="pieces\BuildingToken.cpp">
      <Filter>Source Files</Filter>
    </ClCompile>
    <ClCompile Include="pieces\HarvestTile.cpp">
      <Filter>Source Files</Filter>
    </ClCompile>
    <ClCompile Include="pieces\ResourceToken.cpp">
      <Filter>Source Files</Filter>
    </ClCompile>
    <ClCompile Include="maps\GBMap.cpp">
      <Filter>Source Files</Filter>
    </ClCompile>
    <ClCompile Include="maps\TokenGraph.cpp">
      <Filter>Source Files</Filter>
    </ClCompile>
    <ClCompile Include="maps\VGMap.cpp">
      <Filter>Source Files</Filter>
    </ClCompile>
    <ClCompile Include="loaders\GBMapLoader.cpp">
      <Filter>Source Files</Filter>
    </ClCompile>
    <ClCompile Include="loaders\VGMapLoader.cpp">
      <Filter>Source Files</Filter>
    </ClCompile>
    <ClCompile Include="util\Scanner.cpp">
      <Filter>Source Files</Filter>
    </ClCompile>
    <ClCompile Include="util\Random.cpp">
      <Filter>Source Files</Filter>
    </ClCompile>
    <ClCompile Include="test\GBMapDriver.cpp">
      <Filter>Source Files</Filter>
    </ClCompile>
    <ClCompile Include="test\VGMapDriver.cpp">
      <Filter>Source Files</Filter>
    </ClCompile>
    <ClCompile Include="test\MapLoaderDriver.cpp">
      <Filter>Source Files</Filter>
    </ClCompile>
    <ClCompile Include="test\PlayerDriver.cpp">
      <Filter>Source Files</Filter>
    </ClCompile>
    <ClCompile Include="test\ResourcesDriver.cpp">
      <Filter>Source Files</Filter>
    </ClCompile>
    <ClCompile Include="test\ScoringFacilitiesDriver.cpp">
      <Filter>Source Files</Filter>
    </ClCompile>
    <ClCompile Include="Game.cpp">
      <Filter>Source Files</Filter>
    </ClCompile>
    <ClCompile Include="test\GameStartDriver.cpp">
      <Filter>Source Files</Filter>
    </ClCompile>
    <ClCompile Include="Roster.cpp">
      <Filter>Source Files</Filter>
    </ClCompile>
  </ItemGroup>
  <ItemGroup>
    <ClInclude Include="Resources.h">
      <Filter>Header Files</Filter>
    </ClInclude>
    <ClInclude Include="ScoringFacilities.h">
      <Filter>Header Files</Filter>
    </ClInclude>
    <ClInclude Include="Player.h">
      <Filter>Header Files</Filter>
    </ClInclude>
    <ClInclude Include="pieces\AbstractPiece.h">
      <Filter>Header Files</Filter>
    </ClInclude>
    <ClInclude Include="pieces\AbstractToken.h">
      <Filter>Header Files</Filter>
    </ClInclude>
    <ClInclude Include="pieces\Building.h">
      <Filter>Header Files</Filter>
    </ClInclude>
    <ClInclude Include="pieces\BuildingToken.h">
      <Filter>Header Files</Filter>
    </ClInclude>
    <ClInclude Include="pieces\HarvestTile.h">
      <Filter>Header Files</Filter>
    </ClInclude>
    <ClInclude Include="pieces\ResourceToken.h">
      <Filter>Header Files</Filter>
    </ClInclude>
    <ClInclude Include="maps\GBMap.h">
      <Filter>Header Files</Filter>
    </ClInclude>
    <ClInclude Include="maps\TokenGraph.h">
      <Filter>Header Files</Filter>
    </ClInclude>
    <ClInclude Include="maps\VGMap.h">
      <Filter>Header Files</Filter>
    </ClInclude>
    <ClInclude Include="loaders\GBMapLoader.h">
      <Filter>Header Files</Filter>
    </ClInclude>
    <ClInclude Include="loaders\VGMapLoader.h">
      <Filter>Header Files</Filter>
    </ClInclude>
    <ClInclude Include="util\Scanner.h">
      <Filter>Header Files</Filter>
    </ClInclude>
    <ClInclude Include="util\Random.h">
      <Filter>Header Files</Filter>
    </ClInclude>
    <ClInclude Include="util\Assert.h">
      <Filter>Header Files</Filter>
    </ClInclude>
    <ClInclude Include="test\GBMapDriver.h">
      <Filter>Header Files</Filter>
    </ClInclude>
    <ClInclude Include="test\VGMapDriver.h">
      <Filter>Header Files</Filter>
    </ClInclude>
    <ClInclude Include="test\MapLoaderDriver.h">
      <Filter>Header Files</Filter>
    </ClInclude>
    <ClInclude Include="test\PlayerDriver.h">
      <Filter>Header Files</Filter>
    </ClInclude>
    <ClInclude Include="test\ResourcesDriver.h">
      <Filter>Header Files</Filter>
    </ClInclude>
    <ClInclude Include="test\Drivers.h">
      <Filter>Header Files</Filter>
    </ClInclude>
    <ClInclude Include="test\ScoringFacilitiesDriver.h">
      <Filter>Header Files</Filter>
    </ClInclude>
    <ClInclude Include="Game.h">
      <Filter>Header Files</Filter>
    </ClInclude>
    <ClInclude Include="test\GameStartDriver.h">
      <Filter>Header Files</Filter>
    </ClInclude>
    <ClInclude Include="util\Debug.h">
      <Filter>Header Files</Filter>
    </ClInclude>
    <ClInclude Include="Roster.h">
      <Filter>Header Files</Filter>
    </ClInclude>
  </ItemGroup>
  <ItemGroup>
    <Text Include="res\gmap.txt" />
    <Text Include="res\gmap_bad.txt" />
    <Text Include="res\vmap.txt" />
    <Text Include="res\vmap_bad.txt" />
    <Text Include="res\vmap_bad_syntax.txt" />
    <Text Include="res\gmap_bad_syntax.txt" />
  </ItemGroup>
</Project>